
Microsoft Visual Studio Solution File, Format Version 12.00
# Visual Studio Version 17
VisualStudioVersion = 17.2.32616.157
MinimumVisualStudioVersion = 10.0.40219.1
Project("{FAE04EC0-301F-11D3-BF4B-00C04F79EFBC}") = "WaveformSeparation", "WaveformSeparation\WaveformSeparation.csproj", "{49192AC2-D475-4B05-925C-A6426A3D54A9}"
EndProject
Project("{FAE04EC0-301F-11D3-BF4B-00C04F79EFBC}") = "RawDataConverter", "RawDataConverter\RawDataConverter.csproj", "{CAF0B0D5-2A98-4D7A-A059-5B114FA90E89}"
EndProject
Project("{9A19103F-16F7-4668-BE54-9A1E7A4F7556}") = "OtameshiCoreConsole", "OtameshiCoreConsole\OtameshiCoreConsole.csproj", "{8564E080-E36A-4CB8-BF88-6C943396DB82}"
EndProject
Project("{9A19103F-16F7-4668-BE54-9A1E7A4F7556}") = "AESDataStandard", "AESDataStandard\AESDataStandard.csproj", "{E6C8C467-78D0-47C0-A603-81291F1EF43E}"
EndProject
Project("{9A19103F-16F7-4668-BE54-9A1E7A4F7556}") = "WaveformSeparation6", "WaveformSeparation6\WaveformSeparation6.csproj", "{9FFAA82B-CFCE-41C5-B5D0-E799FDDD5F82}"
EndProject
Project("{9A19103F-16F7-4668-BE54-9A1E7A4F7556}") = "WaveformSeparation.Core", "WaveformSeparation.Core\WaveformSeparation.Core.csproj", "{600259D9-9085-47CB-B956-A08B4DA08CE8}"
	ProjectSection(ProjectDependencies) = postProject
		{E6C8C467-78D0-47C0-A603-81291F1EF43E} = {E6C8C467-78D0-47C0-A603-81291F1EF43E}
	EndProjectSection
EndProject
Project("{FAE04EC0-301F-11D3-BF4B-00C04F79EFBC}") = "DataConversion6", "DataConversion6\DataConversion6.csproj", "{C324E31A-342E-4446-85A3-DCE6F0729284}"
EndProject
Global
	GlobalSection(SolutionConfigurationPlatforms) = preSolution
		Debug|Any CPU = Debug|Any CPU
		Release|Any CPU = Release|Any CPU
	EndGlobalSection
	GlobalSection(ProjectConfigurationPlatforms) = postSolution
		{49192AC2-D475-4B05-925C-A6426A3D54A9}.Debug|Any CPU.ActiveCfg = Debug|Any CPU
		{49192AC2-D475-4B05-925C-A6426A3D54A9}.Debug|Any CPU.Build.0 = Debug|Any CPU
		{49192AC2-D475-4B05-925C-A6426A3D54A9}.Release|Any CPU.ActiveCfg = Release|Any CPU
		{49192AC2-D475-4B05-925C-A6426A3D54A9}.Release|Any CPU.Build.0 = Release|Any CPU
		{CAF0B0D5-2A98-4D7A-A059-5B114FA90E89}.Debug|Any CPU.ActiveCfg = Debug|Any CPU
		{CAF0B0D5-2A98-4D7A-A059-5B114FA90E89}.Debug|Any CPU.Build.0 = Debug|Any CPU
		{CAF0B0D5-2A98-4D7A-A059-5B114FA90E89}.Release|Any CPU.ActiveCfg = Release|Any CPU
		{CAF0B0D5-2A98-4D7A-A059-5B114FA90E89}.Release|Any CPU.Build.0 = Release|Any CPU
		{8564E080-E36A-4CB8-BF88-6C943396DB82}.Debug|Any CPU.ActiveCfg = Debug|Any CPU
		{8564E080-E36A-4CB8-BF88-6C943396DB82}.Debug|Any CPU.Build.0 = Debug|Any CPU
		{8564E080-E36A-4CB8-BF88-6C943396DB82}.Release|Any CPU.ActiveCfg = Release|Any CPU
		{8564E080-E36A-4CB8-BF88-6C943396DB82}.Release|Any CPU.Build.0 = Release|Any CPU
		{E6C8C467-78D0-47C0-A603-81291F1EF43E}.Debug|Any CPU.ActiveCfg = Debug|Any CPU
		{E6C8C467-78D0-47C0-A603-81291F1EF43E}.Debug|Any CPU.Build.0 = Debug|Any CPU
		{E6C8C467-78D0-47C0-A603-81291F1EF43E}.Release|Any CPU.ActiveCfg = Release|Any CPU
		{E6C8C467-78D0-47C0-A603-81291F1EF43E}.Release|Any CPU.Build.0 = Release|Any CPU
		{9FFAA82B-CFCE-41C5-B5D0-E799FDDD5F82}.Debug|Any CPU.ActiveCfg = Debug|Any CPU
		{9FFAA82B-CFCE-41C5-B5D0-E799FDDD5F82}.Debug|Any CPU.Build.0 = Debug|Any CPU
		{9FFAA82B-CFCE-41C5-B5D0-E799FDDD5F82}.Release|Any CPU.ActiveCfg = Release|Any CPU
		{9FFAA82B-CFCE-41C5-B5D0-E799FDDD5F82}.Release|Any CPU.Build.0 = Release|Any CPU
		{600259D9-9085-47CB-B956-A08B4DA08CE8}.Debug|Any CPU.ActiveCfg = Debug|Any CPU
		{600259D9-9085-47CB-B956-A08B4DA08CE8}.Debug|Any CPU.Build.0 = Debug|Any CPU
		{600259D9-9085-47CB-B956-A08B4DA08CE8}.Release|Any CPU.ActiveCfg = Release|Any CPU
		{600259D9-9085-47CB-B956-A08B4DA08CE8}.Release|Any CPU.Build.0 = Release|Any CPU
		{C324E31A-342E-4446-85A3-DCE6F0729284}.Debug|Any CPU.ActiveCfg = Debug|Any CPU
		{C324E31A-342E-4446-85A3-DCE6F0729284}.Debug|Any CPU.Build.0 = Debug|Any CPU
		{C324E31A-342E-4446-85A3-DCE6F0729284}.Release|Any CPU.ActiveCfg = Release|Any CPU
		{C324E31A-342E-4446-85A3-DCE6F0729284}.Release|Any CPU.Build.0 = Release|Any CPU
	EndGlobalSection
	GlobalSection(SolutionProperties) = preSolution
		HideSolutionNode = FALSE
	EndGlobalSection
	GlobalSection(ExtensibilityGlobals) = postSolution
		SolutionGuid = {9468A445-C3B2-47E0-A838-AF6372A945A5}
	EndGlobalSection
EndGlobal
