
Microsoft Visual Studio Solution File, Format Version 12.00
# Visual Studio 14
VisualStudioVersion = 14.0.25420.1
MinimumVisualStudioVersion = 10.0.40219.1
Project("{FAE04EC0-301F-11D3-BF4B-00C04F79EFBC}") = "WaveformSeparation", "WaveformSeparation\WaveformSeparation.csproj", "{49192AC2-D475-4B05-925C-A6426A3D54A9}"
EndProject
Project("{FAE04EC0-301F-11D3-BF4B-00C04F79EFBC}") = "Data", "Data\Data.csproj", "{136DD796-2910-4ABE-9386-80E0D277BAA6}"
EndProject
Project("{FAE04EC0-301F-11D3-BF4B-00C04F79EFBC}") = "DataUniversal", "DataUniversal\DataUniversal.csproj", "{EE409564-027C-4B49-8A94-E08D9BE31C68}"
EndProject
Project("{FAE04EC0-301F-11D3-BF4B-00C04F79EFBC}") = "PortableData", "PortableData\PortableData.csproj", "{742BFFE9-AD55-436B-BD17-985366BA455C}"
EndProject
Global
	GlobalSection(SolutionConfigurationPlatforms) = preSolution
		Debug|Any CPU = Debug|Any CPU
		Debug|ARM = Debug|ARM
		Debug|x64 = Debug|x64
		Debug|x86 = Debug|x86
		Release|Any CPU = Release|Any CPU
		Release|ARM = Release|ARM
		Release|x64 = Release|x64
		Release|x86 = Release|x86
	EndGlobalSection
	GlobalSection(ProjectConfigurationPlatforms) = postSolution
		{49192AC2-D475-4B05-925C-A6426A3D54A9}.Debug|Any CPU.ActiveCfg = Debug|Any CPU
		{49192AC2-D475-4B05-925C-A6426A3D54A9}.Debug|Any CPU.Build.0 = Debug|Any CPU
		{49192AC2-D475-4B05-925C-A6426A3D54A9}.Debug|ARM.ActiveCfg = Debug|Any CPU
		{49192AC2-D475-4B05-925C-A6426A3D54A9}.Debug|ARM.Build.0 = Debug|Any CPU
		{49192AC2-D475-4B05-925C-A6426A3D54A9}.Debug|x64.ActiveCfg = Debug|Any CPU
		{49192AC2-D475-4B05-925C-A6426A3D54A9}.Debug|x64.Build.0 = Debug|Any CPU
		{49192AC2-D475-4B05-925C-A6426A3D54A9}.Debug|x86.ActiveCfg = Debug|Any CPU
		{49192AC2-D475-4B05-925C-A6426A3D54A9}.Debug|x86.Build.0 = Debug|Any CPU
		{49192AC2-D475-4B05-925C-A6426A3D54A9}.Release|Any CPU.ActiveCfg = Release|Any CPU
		{49192AC2-D475-4B05-925C-A6426A3D54A9}.Release|Any CPU.Build.0 = Release|Any CPU
		{49192AC2-D475-4B05-925C-A6426A3D54A9}.Release|ARM.ActiveCfg = Release|Any CPU
		{49192AC2-D475-4B05-925C-A6426A3D54A9}.Release|ARM.Build.0 = Release|Any CPU
		{49192AC2-D475-4B05-925C-A6426A3D54A9}.Release|x64.ActiveCfg = Release|Any CPU
		{49192AC2-D475-4B05-925C-A6426A3D54A9}.Release|x64.Build.0 = Release|Any CPU
		{49192AC2-D475-4B05-925C-A6426A3D54A9}.Release|x86.ActiveCfg = Release|Any CPU
		{49192AC2-D475-4B05-925C-A6426A3D54A9}.Release|x86.Build.0 = Release|Any CPU
		{136DD796-2910-4ABE-9386-80E0D277BAA6}.Debug|Any CPU.ActiveCfg = Debug|Any CPU
		{136DD796-2910-4ABE-9386-80E0D277BAA6}.Debug|Any CPU.Build.0 = Debug|Any CPU
		{136DD796-2910-4ABE-9386-80E0D277BAA6}.Debug|ARM.ActiveCfg = Debug|Any CPU
		{136DD796-2910-4ABE-9386-80E0D277BAA6}.Debug|ARM.Build.0 = Debug|Any CPU
		{136DD796-2910-4ABE-9386-80E0D277BAA6}.Debug|x64.ActiveCfg = Debug|Any CPU
		{136DD796-2910-4ABE-9386-80E0D277BAA6}.Debug|x64.Build.0 = Debug|Any CPU
		{136DD796-2910-4ABE-9386-80E0D277BAA6}.Debug|x86.ActiveCfg = Debug|Any CPU
		{136DD796-2910-4ABE-9386-80E0D277BAA6}.Debug|x86.Build.0 = Debug|Any CPU
		{136DD796-2910-4ABE-9386-80E0D277BAA6}.Release|Any CPU.ActiveCfg = Release|Any CPU
		{136DD796-2910-4ABE-9386-80E0D277BAA6}.Release|Any CPU.Build.0 = Release|Any CPU
		{136DD796-2910-4ABE-9386-80E0D277BAA6}.Release|ARM.ActiveCfg = Release|Any CPU
		{136DD796-2910-4ABE-9386-80E0D277BAA6}.Release|ARM.Build.0 = Release|Any CPU
		{136DD796-2910-4ABE-9386-80E0D277BAA6}.Release|x64.ActiveCfg = Release|Any CPU
		{136DD796-2910-4ABE-9386-80E0D277BAA6}.Release|x64.Build.0 = Release|Any CPU
		{136DD796-2910-4ABE-9386-80E0D277BAA6}.Release|x86.ActiveCfg = Release|Any CPU
		{136DD796-2910-4ABE-9386-80E0D277BAA6}.Release|x86.Build.0 = Release|Any CPU
		{EE409564-027C-4B49-8A94-E08D9BE31C68}.Debug|Any CPU.ActiveCfg = Debug|Any CPU
		{EE409564-027C-4B49-8A94-E08D9BE31C68}.Debug|Any CPU.Build.0 = Debug|Any CPU
		{EE409564-027C-4B49-8A94-E08D9BE31C68}.Debug|ARM.ActiveCfg = Debug|ARM
		{EE409564-027C-4B49-8A94-E08D9BE31C68}.Debug|ARM.Build.0 = Debug|ARM
		{EE409564-027C-4B49-8A94-E08D9BE31C68}.Debug|x64.ActiveCfg = Debug|x64
		{EE409564-027C-4B49-8A94-E08D9BE31C68}.Debug|x64.Build.0 = Debug|x64
		{EE409564-027C-4B49-8A94-E08D9BE31C68}.Debug|x86.ActiveCfg = Debug|x86
		{EE409564-027C-4B49-8A94-E08D9BE31C68}.Debug|x86.Build.0 = Debug|x86
		{EE409564-027C-4B49-8A94-E08D9BE31C68}.Release|Any CPU.ActiveCfg = Release|Any CPU
		{EE409564-027C-4B49-8A94-E08D9BE31C68}.Release|Any CPU.Build.0 = Release|Any CPU
		{EE409564-027C-4B49-8A94-E08D9BE31C68}.Release|ARM.ActiveCfg = Release|ARM
		{EE409564-027C-4B49-8A94-E08D9BE31C68}.Release|ARM.Build.0 = Release|ARM
		{EE409564-027C-4B49-8A94-E08D9BE31C68}.Release|x64.ActiveCfg = Release|x64
		{EE409564-027C-4B49-8A94-E08D9BE31C68}.Release|x64.Build.0 = Release|x64
		{EE409564-027C-4B49-8A94-E08D9BE31C68}.Release|x86.ActiveCfg = Release|x86
		{EE409564-027C-4B49-8A94-E08D9BE31C68}.Release|x86.Build.0 = Release|x86
		{742BFFE9-AD55-436B-BD17-985366BA455C}.Debug|Any CPU.ActiveCfg = Debug|Any CPU
		{742BFFE9-AD55-436B-BD17-985366BA455C}.Debug|Any CPU.Build.0 = Debug|Any CPU
		{742BFFE9-AD55-436B-BD17-985366BA455C}.Debug|ARM.ActiveCfg = Debug|Any CPU
		{742BFFE9-AD55-436B-BD17-985366BA455C}.Debug|ARM.Build.0 = Debug|Any CPU
		{742BFFE9-AD55-436B-BD17-985366BA455C}.Debug|x64.ActiveCfg = Debug|Any CPU
		{742BFFE9-AD55-436B-BD17-985366BA455C}.Debug|x64.Build.0 = Debug|Any CPU
		{742BFFE9-AD55-436B-BD17-985366BA455C}.Debug|x86.ActiveCfg = Debug|Any CPU
		{742BFFE9-AD55-436B-BD17-985366BA455C}.Debug|x86.Build.0 = Debug|Any CPU
		{742BFFE9-AD55-436B-BD17-985366BA455C}.Release|Any CPU.ActiveCfg = Release|Any CPU
		{742BFFE9-AD55-436B-BD17-985366BA455C}.Release|Any CPU.Build.0 = Release|Any CPU
		{742BFFE9-AD55-436B-BD17-985366BA455C}.Release|ARM.ActiveCfg = Release|Any CPU
		{742BFFE9-AD55-436B-BD17-985366BA455C}.Release|ARM.Build.0 = Release|Any CPU
		{742BFFE9-AD55-436B-BD17-985366BA455C}.Release|x64.ActiveCfg = Release|Any CPU
		{742BFFE9-AD55-436B-BD17-985366BA455C}.Release|x64.Build.0 = Release|Any CPU
		{742BFFE9-AD55-436B-BD17-985366BA455C}.Release|x86.ActiveCfg = Release|Any CPU
		{742BFFE9-AD55-436B-BD17-985366BA455C}.Release|x86.Build.0 = Release|Any CPU
	EndGlobalSection
	GlobalSection(SolutionProperties) = preSolution
		HideSolutionNode = FALSE
	EndGlobalSection
EndGlobal
